
Microsoft Visual Studio Solution File, Format Version 12.00
# Visual Studio 15
VisualStudioVersion = 15.0.28307.645
MinimumVisualStudioVersion = 10.0.40219.1
Project("{FAE04EC0-301F-11D3-BF4B-00C04F79EFBC}") = "SimpleRedirects", "Simple301\SimpleRedirects.csproj", "{418B07FD-2CA7-4195-8DD0-3252201485FE}"
EndProject
Global
	GlobalSection(SolutionConfigurationPlatforms) = preSolution
		Debug|Any CPU = Debug|Any CPU
		Release-net45|Any CPU = Release-net45|Any CPU
		Release-net452|Any CPU = Release-net452|Any CPU
	EndGlobalSection
	GlobalSection(ProjectConfigurationPlatforms) = postSolution
		{418B07FD-2CA7-4195-8DD0-3252201485FE}.Debug|Any CPU.ActiveCfg = Debug|Any CPU
		{418B07FD-2CA7-4195-8DD0-3252201485FE}.Debug|Any CPU.Build.0 = Debug|Any CPU
		{418B07FD-2CA7-4195-8DD0-3252201485FE}.Release-net45|Any CPU.ActiveCfg = Release-net45|Any CPU
		{418B07FD-2CA7-4195-8DD0-3252201485FE}.Release-net45|Any CPU.Build.0 = Release-net45|Any CPU
		{418B07FD-2CA7-4195-8DD0-3252201485FE}.Release-net452|Any CPU.ActiveCfg = Release-net452|Any CPU
		{418B07FD-2CA7-4195-8DD0-3252201485FE}.Release-net452|Any CPU.Build.0 = Release-net452|Any CPU
	EndGlobalSection
	GlobalSection(SolutionProperties) = preSolution
		HideSolutionNode = FALSE
	EndGlobalSection
	GlobalSection(ExtensibilityGlobals) = postSolution
		SolutionGuid = {FD74A51B-3665-4F75-9F54-B769B7BBAA65}
	EndGlobalSection
EndGlobal
